
Microsoft Visual Studio Solution File, Format Version 12.00
# Visual Studio Version 17
VisualStudioVersion = 17.0.31903.59
MinimumVisualStudioVersion = 10.0.40219.1
Project("{2150E333-8FDC-42A3-9474-1A3956D46DE8}") = "src", "src", "{827E0CD3-B72D-47B6-A68D-7590B98EB39B}"
EndProject
Project("{FAE04EC0-301F-11D3-BF4B-00C04F79EFBC}") = "ChordFlow.Core", "src\ChordFlow.Core\ChordFlow.Core.csproj", "{E9A5A097-CEB8-4532-A1FB-724C428D07A1}"
EndProject
Project("{FAE04EC0-301F-11D3-BF4B-00C04F79EFBC}") = "ChordFlow.Desktop", "src\ChordFlow.Desktop\ChordFlow.Desktop.csproj", "{20167C97-61F0-4DB3-9935-6D813568CB1D}"
EndProject
Project("{2150E333-8FDC-42A3-9474-1A3956D46DE8}") = "tests", "tests", "{0AB3BF05-4346-4AA6-1389-037BE0695223}"
EndProject
Project("{FAE04EC0-301F-11D3-BF4B-00C04F79EFBC}") = "ChordFlow.Core.Tests", "tests\ChordFlow.Core.Tests\ChordFlow.Core.Tests.csproj", "{A7F39482-D803-41B0-90D6-732B58E1DBC4}"
EndProject
Global
	GlobalSection(SolutionConfigurationPlatforms) = preSolution
		Debug|Any CPU = Debug|Any CPU
		Debug|x64 = Debug|x64
		Debug|x86 = Debug|x86
		Release|Any CPU = Release|Any CPU
		Release|x64 = Release|x64
		Release|x86 = Release|x86
	EndGlobalSection
	GlobalSection(ProjectConfigurationPlatforms) = postSolution
		{E9A5A097-CEB8-4532-A1FB-724C428D07A1}.Debug|Any CPU.ActiveCfg = Debug|Any CPU
		{E9A5A097-CEB8-4532-A1FB-724C428D07A1}.Debug|Any CPU.Build.0 = Debug|Any CPU
		{E9A5A097-CEB8-4532-A1FB-724C428D07A1}.Debug|x64.ActiveCfg = Debug|Any CPU
		{E9A5A097-CEB8-4532-A1FB-724C428D07A1}.Debug|x64.Build.0 = Debug|Any CPU
		{E9A5A097-CEB8-4532-A1FB-724C428D07A1}.Debug|x86.ActiveCfg = Debug|Any CPU
		{E9A5A097-CEB8-4532-A1FB-724C428D07A1}.Debug|x86.Build.0 = Debug|Any CPU
		{E9A5A097-CEB8-4532-A1FB-724C428D07A1}.Release|Any CPU.ActiveCfg = Release|Any CPU
		{E9A5A097-CEB8-4532-A1FB-724C428D07A1}.Release|Any CPU.Build.0 = Release|Any CPU
		{E9A5A097-CEB8-4532-A1FB-724C428D07A1}.Release|x64.ActiveCfg = Release|Any CPU
		{E9A5A097-CEB8-4532-A1FB-724C428D07A1}.Release|x64.Build.0 = Release|Any CPU
		{E9A5A097-CEB8-4532-A1FB-724C428D07A1}.Release|x86.ActiveCfg = Release|Any CPU
		{E9A5A097-CEB8-4532-A1FB-724C428D07A1}.Release|x86.Build.0 = Release|Any CPU
		{20167C97-61F0-4DB3-9935-6D813568CB1D}.Debug|Any CPU.ActiveCfg = Debug|Any CPU
		{20167C97-61F0-4DB3-9935-6D813568CB1D}.Debug|Any CPU.Build.0 = Debug|Any CPU
		{20167C97-61F0-4DB3-9935-6D813568CB1D}.Debug|x64.ActiveCfg = Debug|Any CPU
		{20167C97-61F0-4DB3-9935-6D813568CB1D}.Debug|x64.Build.0 = Debug|Any CPU
		{20167C97-61F0-4DB3-9935-6D813568CB1D}.Debug|x86.ActiveCfg = Debug|Any CPU
		{20167C97-61F0-4DB3-9935-6D813568CB1D}.Debug|x86.Build.0 = Debug|Any CPU
		{20167C97-61F0-4DB3-9935-6D813568CB1D}.Release|Any CPU.ActiveCfg = Release|Any CPU
		{20167C97-61F0-4DB3-9935-6D813568CB1D}.Release|Any CPU.Build.0 = Release|Any CPU
		{20167C97-61F0-4DB3-9935-6D813568CB1D}.Release|x64.ActiveCfg = Release|Any CPU
		{20167C97-61F0-4DB3-9935-6D813568CB1D}.Release|x64.Build.0 = Release|Any CPU
		{20167C97-61F0-4DB3-9935-6D813568CB1D}.Release|x86.ActiveCfg = Release|Any CPU
		{20167C97-61F0-4DB3-9935-6D813568CB1D}.Release|x86.Build.0 = Release|Any CPU
		{A7F39482-D803-41B0-90D6-732B58E1DBC4}.Debug|Any CPU.ActiveCfg = Debug|Any CPU
		{A7F39482-D803-41B0-90D6-732B58E1DBC4}.Debug|Any CPU.Build.0 = Debug|Any CPU
		{A7F39482-D803-41B0-90D6-732B58E1DBC4}.Debug|x64.ActiveCfg = Debug|Any CPU
		{A7F39482-D803-41B0-90D6-732B58E1DBC4}.Debug|x64.Build.0 = Debug|Any CPU
		{A7F39482-D803-41B0-90D6-732B58E1DBC4}.Debug|x86.ActiveCfg = Debug|Any CPU
		{A7F39482-D803-41B0-90D6-732B58E1DBC4}.Debug|x86.Build.0 = Debug|Any CPU
		{A7F39482-D803-41B0-90D6-732B58E1DBC4}.Release|Any CPU.ActiveCfg = Release|Any CPU
		{A7F39482-D803-41B0-90D6-732B58E1DBC4}.Release|Any CPU.Build.0 = Release|Any CPU
		{A7F39482-D803-41B0-90D6-732B58E1DBC4}.Release|x64.ActiveCfg = Release|Any CPU
		{A7F39482-D803-41B0-90D6-732B58E1DBC4}.Release|x64.Build.0 = Release|Any CPU
		{A7F39482-D803-41B0-90D6-732B58E1DBC4}.Release|x86.ActiveCfg = Release|Any CPU
		{A7F39482-D803-41B0-90D6-732B58E1DBC4}.Release|x86.Build.0 = Release|Any CPU
	EndGlobalSection
	GlobalSection(SolutionProperties) = preSolution
		HideSolutionNode = FALSE
	EndGlobalSection
	GlobalSection(NestedProjects) = preSolution
		{E9A5A097-CEB8-4532-A1FB-724C428D07A1} = {827E0CD3-B72D-47B6-A68D-7590B98EB39B}
		{20167C97-61F0-4DB3-9935-6D813568CB1D} = {827E0CD3-B72D-47B6-A68D-7590B98EB39B}
		{A7F39482-D803-41B0-90D6-732B58E1DBC4} = {0AB3BF05-4346-4AA6-1389-037BE0695223}
	EndGlobalSection
EndGlobal
